// !$*UTF8*$!
{
	archiveVersion = 1;
	classes = {
	};
	objectVersion = 77;
	objects = {

/* Begin PBXContainerItemProxy section */
		2EDE6BC82D491F500027452B /* PBXContainerItemProxy */ = {
			isa = PBXContainerItemProxy;
			containerPortal = 2EDE6BAF2D491F4D0027452B /* Project object */;
			proxyType = 1;
			remoteGlobalIDString = 2EDE6BB62D491F4D0027452B;
			remoteInfo = HealingSounds;
		};
		2EDE6BD22D491F500027452B /* PBXContainerItemProxy */ = {
			isa = PBXContainerItemProxy;
			containerPortal = 2EDE6BAF2D491F4D0027452B /* Project object */;
			proxyType = 1;
			remoteGlobalIDString = 2EDE6BB62D491F4D0027452B;
			remoteInfo = HealingSounds;
		};
/* End PBXContainerItemProxy section */

/* Begin PBXFileReference section */
		2EDE6BB72D491F4D0027452B /* HealingSounds.app */ = {isa = PBXFileReference; explicitFileType = wrapper.application; includeInIndex = 0; path = HealingSounds.app; sourceTree = BUILT_PRODUCTS_DIR; };
		2EDE6BC72D491F500027452B /* HealingSoundsTests.xctest */ = {isa = PBXFileReference; explicitFileType = wrapper.cfbundle; includeInIndex = 0; path = HealingSoundsTests.xctest; sourceTree = BUILT_PRODUCTS_DIR; };
		2EDE6BD12D491F500027452B /* HealingSoundsUITests.xctest */ = {isa = PBXFileReference; explicitFileType = wrapper.cfbundle; includeInIndex = 0; path = HealingSoundsUITests.xctest; sourceTree = BUILT_PRODUCTS_DIR; };
/* End PBXFileReference section */

/* Begin PBXFileSystemSynchronizedRootGroup section */
		2EDE6BB92D491F4D0027452B /* HealingSounds */ = {
			isa = PBXFileSystemSynchronizedRootGroup;
			path = HealingSounds;
			sourceTree = "<group>";
		};
		2EDE6BCA2D491F500027452B /* HealingSoundsTests */ = {
			isa = PBXFileSystemSynchronizedRootGroup;
			path = HealingSoundsTests;
			sourceTree = "<group>";
		};
		2EDE6BD42D491F500027452B /* HealingSoundsUITests */ = {
			isa = PBXFileSystemSynchronizedRootGroup;
			path = HealingSoundsUITests;
			sourceTree = "<group>";
		};
/* End PBXFileSystemSynchronizedRootGroup section */

/* Begin PBXFrameworksBuildPhase section */
		2EDE6BB42D491F4D0027452B /* Frameworks */ = {
			isa = PBXFrameworksBuildPhase;
			buildActionMask = 2147483647;
			files = (
			);
			runOnlyForDeploymentPostprocessing = 0;
		};
		2EDE6BC42D491F500027452B /* Frameworks */ = {
			isa = PBXFrameworksBuildPhase;
			buildActionMask = 2147483647;
			files = (
			);
			runOnlyForDeploymentPostprocessing = 0;
		};
		2EDE6BCE2D491F500027452B /* Frameworks */ = {
			isa = PBXFrameworksBuildPhase;
			buildActionMask = 2147483647;
			files = (
			);
			runOnlyForDeploymentPostprocessing = 0;
		};
/* End PBXFrameworksBuildPhase section */

/* Begin PBXGroup section */
		2EDE6BAE2D491F4D0027452B = {
			isa = PBXGroup;
			children = (
				2EDE6BB92D491F4D0027452B /* HealingSounds */,
				2EDE6BCA2D491F500027452B /* HealingSoundsTests */,
				2EDE6BD42D491F500027452B /* HealingSoundsUITests */,
				2EDE6BB82D491F4D0027452B /* Products */,
			);
			sourceTree = "<group>";
		};
		2EDE6BB82D491F4D0027452B /* Products */ = {
			isa = PBXGroup;
			children = (
				2EDE6BB72D491F4D0027452B /* HealingSounds.app */,
				2EDE6BC72D491F500027452B /* HealingSoundsTests.xctest */,
				2EDE6BD12D491F500027452B /* HealingSoundsUITests.xctest */,
			);
			name = Products;
			sourceTree = "<group>";
		};
/* End PBXGroup section */

/* Begin PBXNativeTarget section */
		2EDE6BB62D491F4D0027452B /* HealingSounds */ = {
			isa = PBXNativeTarget;
			buildConfigurationList = 2EDE6BDB2D491F500027452B /* Build configuration list for PBXNativeTarget "HealingSounds" */;
			buildPhases = (
				2EDE6BB32D491F4D0027452B /* Sources */,
				2EDE6BB42D491F4D0027452B /* Frameworks */,
				2EDE6BB52D491F4D0027452B /* Resources */,
			);
			buildRules = (
			);
			dependencies = (
			);
			fileSystemSynchronizedGroups = (
				2EDE6BB92D491F4D0027452B /* HealingSounds */,
			);
			name = HealingSounds;
			packageProductDependencies = (
			);
			productName = HealingSounds;
			productReference = 2EDE6BB72D491F4D0027452B /* HealingSounds.app */;
			productType = "com.apple.product-type.application";
		};
		2EDE6BC62D491F500027452B /* HealingSoundsTests */ = {
			isa = PBXNativeTarget;
			buildConfigurationList = 2EDE6BDE2D491F500027452B /* Build configuration list for PBXNativeTarget "HealingSoundsTests" */;
			buildPhases = (
				2EDE6BC32D491F500027452B /* Sources */,
				2EDE6BC42D491F500027452B /* Frameworks */,
				2EDE6BC52D491F500027452B /* Resources */,
			);
			buildRules = (
			);
			dependencies = (
				2EDE6BC92D491F500027452B /* PBXTargetDependency */,
			);
			fileSystemSynchronizedGroups = (
				2EDE6BCA2D491F500027452B /* HealingSoundsTests */,
			);
			name = HealingSoundsTests;
			packageProductDependencies = (
			);
			productName = HealingSoundsTests;
			productReference = 2EDE6BC72D491F500027452B /* HealingSoundsTests.xctest */;
			productType = "com.apple.product-type.bundle.unit-test";
		};
		2EDE6BD02D491F500027452B /* HealingSoundsUITests */ = {
			isa = PBXNativeTarget;
			buildConfigurationList = 2EDE6BE12D491F500027452B /* Build configuration list for PBXNativeTarget "HealingSoundsUITests" */;
			buildPhases = (
				2EDE6BCD2D491F500027452B /* Sources */,
				2EDE6BCE2D491F500027452B /* Frameworks */,
				2EDE6BCF2D491F500027452B /* Resources */,
			);
			buildRules = (
			);
			dependencies = (
				2EDE6BD32D491F500027452B /* PBXTargetDependency */,
			);
			fileSystemSynchronizedGroups = (
				2EDE6BD42D491F500027452B /* HealingSoundsUITests */,
			);
			name = HealingSoundsUITests;
			packageProductDependencies = (
			);
			productName = HealingSoundsUITests;
			productReference = 2EDE6BD12D491F500027452B /* HealingSoundsUITests.xctest */;
			productType = "com.apple.product-type.bundle.ui-testing";
		};
/* End PBXNativeTarget section */

/* Begin PBXProject section */
		2EDE6BAF2D491F4D0027452B /* Project object */ = {
			isa = PBXProject;
			attributes = {
				BuildIndependentTargetsInParallel = 1;
				LastSwiftUpdateCheck = 1610;
				LastUpgradeCheck = 1610;
				TargetAttributes = {
					2EDE6BB62D491F4D0027452B = {
						CreatedOnToolsVersion = 16.1;
					};
					2EDE6BC62D491F500027452B = {
						CreatedOnToolsVersion = 16.1;
						TestTargetID = 2EDE6BB62D491F4D0027452B;
					};
					2EDE6BD02D491F500027452B = {
						CreatedOnToolsVersion = 16.1;
						TestTargetID = 2EDE6BB62D491F4D0027452B;
					};
				};
			};
			buildConfigurationList = 2EDE6BB22D491F4D0027452B /* Build configuration list for PBXProject "HealingSounds" */;
			developmentRegion = en;
			hasScannedForEncodings = 0;
			knownRegions = (
				en,
				Base,
			);
			mainGroup = 2EDE6BAE2D491F4D0027452B;
			minimizedProjectReferenceProxies = 1;
			preferredProjectObjectVersion = 77;
			productRefGroup = 2EDE6BB82D491F4D0027452B /* Products */;
			projectDirPath = "";
			projectRoot = "";
			targets = (
				2EDE6BB62D491F4D0027452B /* HealingSounds */,
				2EDE6BC62D491F500027452B /* HealingSoundsTests */,
				2EDE6BD02D491F500027452B /* HealingSoundsUITests */,
			);
		};
/* End PBXProject section */

/* Begin PBXResourcesBuildPhase section */
		2EDE6BB52D491F4D0027452B /* Resources */ = {
			isa = PBXResourcesBuildPhase;
			buildActionMask = 2147483647;
			files = (
			);
			runOnlyForDeploymentPostprocessing = 0;
		};
		2EDE6BC52D491F500027452B /* Resources */ = {
			isa = PBXResourcesBuildPhase;
			buildActionMask = 2147483647;
			files = (
			);
			runOnlyForDeploymentPostprocessing = 0;
		};
		2EDE6BCF2D491F500027452B /* Resources */ = {
			isa = PBXResourcesBuildPhase;
			buildActionMask = 2147483647;
			files = (
			);
			runOnlyForDeploymentPostprocessing = 0;
		};
/* End PBXResourcesBuildPhase section */

/* Begin PBXSourcesBuildPhase section */
		2EDE6BB32D491F4D0027452B /* Sources */ = {
			isa = PBXSourcesBuildPhase;
			buildActionMask = 2147483647;
			files = (
			);
			runOnlyForDeploymentPostprocessing = 0;
		};
		2EDE6BC32D491F500027452B /* Sources */ = {
			isa = PBXSourcesBuildPhase;
			buildActionMask = 2147483647;
			files = (
			);
			runOnlyForDeploymentPostprocessing = 0;
		};
		2EDE6BCD2D491F500027452B /* Sources */ = {
			isa = PBXSourcesBuildPhase;
			buildActionMask = 2147483647;
			files = (
			);
			runOnlyForDeploymentPostprocessing = 0;
		};
/* End PBXSourcesBuildPhase section */

/* Begin PBXTargetDependency section */
		2EDE6BC92D491F500027452B /* PBXTargetDependency */ = {
			isa = PBXTargetDependency;
			target = 2EDE6BB62D491F4D0027452B /* HealingSounds */;
			targetProxy = 2EDE6BC82D491F500027452B /* PBXContainerItemProxy */;
		};
		2EDE6BD32D491F500027452B /* PBXTargetDependency */ = {
			isa = PBXTargetDependency;
			target = 2EDE6BB62D491F4D0027452B /* HealingSounds */;
			targetProxy = 2EDE6BD22D491F500027452B /* PBXContainerItemProxy */;
		};
/* End PBXTargetDependency section */

/* Begin XCBuildConfiguration section */
		2EDE6BD92D491F500027452B /* Debug */ = {
			isa = XCBuildConfiguration;
			buildSettings = {
				ALWAYS_SEARCH_USER_PATHS = NO;
				ASSETCATALOG_COMPILER_GENERATE_SWIFT_ASSET_SYMBOL_EXTENSIONS = YES;
				CLANG_ANALYZER_NONNULL = YES;
				CLANG_ANALYZER_NUMBER_OBJECT_CONVERSION = YES_AGGRESSIVE;
				CLANG_CXX_LANGUAGE_STANDARD = "gnu++20";
				CLANG_ENABLE_MODULES = YES;
				CLANG_ENABLE_OBJC_ARC = YES;
				CLANG_ENABLE_OBJC_WEAK = YES;
				CLANG_WARN_BLOCK_CAPTURE_AUTORELEASING = YES;
				CLANG_WARN_BOOL_CONVERSION = YES;
				CLANG_WARN_COMMA = YES;
				CLANG_WARN_CONSTANT_CONVERSION = YES;
				CLANG_WARN_DEPRECATED_OBJC_IMPLEMENTATIONS = YES;
				CLANG_WARN_DIRECT_OBJC_ISA_USAGE = YES_ERROR;
				CLANG_WARN_DOCUMENTATION_COMMENTS = YES;
				CLANG_WARN_EMPTY_BODY = YES;
				CLANG_WARN_ENUM_CONVERSION = YES;
				CLANG_WARN_INFINITE_RECURSION = YES;
				CLANG_WARN_INT_CONVERSION = YES;
				CLANG_WARN_NON_LITERAL_NULL_CONVERSION = YES;
				CLANG_WARN_OBJC_IMPLICIT_RETAIN_SELF = YES;
				CLANG_WARN_OBJC_LITERAL_CONVERSION = YES;
				CLANG_WARN_OBJC_ROOT_CLASS = YES_ERROR;
				CLANG_WARN_QUOTED_INCLUDE_IN_FRAMEWORK_HEADER = YES;
				CLANG_WARN_RANGE_LOOP_ANALYSIS = YES;
				CLANG_WARN_STRICT_PROTOTYPES = YES;
				CLANG_WARN_SUSPICIOUS_MOVE = YES;
				CLANG_WARN_UNGUARDED_AVAILABILITY = YES_AGGRESSIVE;
				CLANG_WARN_UNREACHABLE_CODE = YES;
				CLANG_WARN__DUPLICATE_METHOD_MATCH = YES;
				COPY_PHASE_STRIP = NO;
				DEBUG_INFORMATION_FORMAT = dwarf;
				ENABLE_STRICT_OBJC_MSGSEND = YES;
				ENABLE_TESTABILITY = YES;
				ENABLE_USER_SCRIPT_SANDBOXING = YES;
				GCC_C_LANGUAGE_STANDARD = gnu17;
				GCC_DYNAMIC_NO_PIC = NO;
				GCC_NO_COMMON_BLOCKS = YES;
				GCC_OPTIMIZATION_LEVEL = 0;
				GCC_PREPROCESSOR_DEFINITIONS = (
					"DEBUG=1",
					"$(inherited)",
				);
				GCC_WARN_64_TO_32_BIT_CONVERSION = YES;
				GCC_WARN_ABOUT_RETURN_TYPE = YES_ERROR;
				GCC_WARN_UNDECLARED_SELECTOR = YES;
				GCC_WARN_UNINITIALIZED_AUTOS = YES_AGGRESSIVE;
				GCC_WARN_UNUSED_FUNCTION = YES;
				GCC_WARN_UNUSED_VARIABLE = YES;
				IPHONEOS_DEPLOYMENT_TARGET = 18.1;
				LOCALIZATION_PREFERS_STRING_CATALOGS = YES;
				MTL_ENABLE_DEBUG_INFO = INCLUDE_SOURCE;
				MTL_FAST_MATH = YES;
				ONLY_ACTIVE_ARCH = YES;
				SDKROOT = iphoneos;
				SWIFT_ACTIVE_COMPILATION_CONDITIONS = "DEBUG $(inherited)";
				SWIFT_OPTIMIZATION_LEVEL = "-Onone";
			};
			name = Debug;
		};
		2EDE6BDA2D491F500027452B /* Release */ = {
			isa = XCBuildConfiguration;
			buildSettings = {
				ALWAYS_SEARCH_USER_PATHS = NO;
				ASSETCATALOG_COMPILER_GENERATE_SWIFT_ASSET_SYMBOL_EXTENSIONS = YES;
				CLANG_ANALYZER_NONNULL = YES;
				CLANG_ANALYZER_NUMBER_OBJECT_CONVERSION = YES_AGGRESSIVE;
				CLANG_CXX_LANGUAGE_STANDARD = "gnu++20";
				CLANG_ENABLE_MODULES = YES;
				CLANG_ENABLE_OBJC_ARC = YES;
				CLANG_ENABLE_OBJC_WEAK = YES;
				CLANG_WARN_BLOCK_CAPTURE_AUTORELEASING = YES;
				CLANG_WARN_BOOL_CONVERSION = YES;
				CLANG_WARN_COMMA = YES;
				CLANG_WARN_CONSTANT_CONVERSION = YES;
				CLANG_WARN_DEPRECATED_OBJC_IMPLEMENTATIONS = YES;
				CLANG_WARN_DIRECT_OBJC_ISA_USAGE = YES_ERROR;
				CLANG_WARN_DOCUMENTATION_COMMENTS = YES;
				CLANG_WARN_EMPTY_BODY = YES;
				CLANG_WARN_ENUM_CONVERSION = YES;
				CLANG_WARN_INFINITE_RECURSION = YES;
				CLANG_WARN_INT_CONVERSION = YES;
				CLANG_WARN_NON_LITERAL_NULL_CONVERSION = YES;
				CLANG_WARN_OBJC_IMPLICIT_RETAIN_SELF = YES;
				CLANG_WARN_OBJC_LITERAL_CONVERSION = YES;
				CLANG_WARN_OBJC_ROOT_CLASS = YES_ERROR;
				CLANG_WARN_QUOTED_INCLUDE_IN_FRAMEWORK_HEADER = YES;
				CLANG_WARN_RANGE_LOOP_ANALYSIS = YES;
				CLANG_WARN_STRICT_PROTOTYPES = YES;
				CLANG_WARN_SUSPICIOUS_MOVE = YES;
				CLANG_WARN_UNGUARDED_AVAILABILITY = YES_AGGRESSIVE;
				CLANG_WARN_UNREACHABLE_CODE = YES;
				CLANG_WARN__DUPLICATE_METHOD_MATCH = YES;
				COPY_PHASE_STRIP = NO;
				DEBUG_INFORMATION_FORMAT = "dwarf-with-dsym";
				ENABLE_NS_ASSERTIONS = NO;
				ENABLE_STRICT_OBJC_MSGSEND = YES;
				ENABLE_USER_SCRIPT_SANDBOXING = YES;
				GCC_C_LANGUAGE_STANDARD = gnu17;
				GCC_NO_COMMON_BLOCKS = YES;
				GCC_WARN_64_TO_32_BIT_CONVERSION = YES;
				GCC_WARN_ABOUT_RETURN_TYPE = YES_ERROR;
				GCC_WARN_UNDECLARED_SELECTOR = YES;
				GCC_WARN_UNINITIALIZED_AUTOS = YES_AGGRESSIVE;
				GCC_WARN_UNUSED_FUNCTION = YES;
				GCC_WARN_UNUSED_VARIABLE = YES;
				IPHONEOS_DEPLOYMENT_TARGET = 18.1;
				LOCALIZATION_PREFERS_STRING_CATALOGS = YES;
				MTL_ENABLE_DEBUG_INFO = NO;
				MTL_FAST_MATH = YES;
				SDKROOT = iphoneos;
				SWIFT_COMPILATION_MODE = wholemodule;
				VALIDATE_PRODUCT = YES;
			};
			name = Release;
		};
		2EDE6BDC2D491F500027452B /* Debug */ = {
			isa = XCBuildConfiguration;
			buildSettings = {
				ASSETCATALOG_COMPILER_APPICON_NAME = AppIcon;
				ASSETCATALOG_COMPILER_GLOBAL_ACCENT_COLOR_NAME = AccentColor;
				CODE_SIGN_STYLE = Automatic;
				CURRENT_PROJECT_VERSION = 1;
				DEVELOPMENT_ASSET_PATHS = "\"HealingSounds/Preview Content\"";
				DEVELOPMENT_TEAM = 26BAG468M4;
				ENABLE_PREVIEWS = YES;
				GENERATE_INFOPLIST_FILE = YES;
				INFOPLIST_KEY_UIApplicationSceneManifest_Generation = YES;
				INFOPLIST_KEY_UIApplicationSupportsIndirectInputEvents = YES;
				INFOPLIST_KEY_UILaunchScreen_Generation = YES;
				INFOPLIST_KEY_UISupportedInterfaceOrientations_iPad = "UIInterfaceOrientationPortrait UIInterfaceOrientationPortraitUpsideDown UIInterfaceOrientationLandscapeLeft UIInterfaceOrientationLandscapeRight";
				INFOPLIST_KEY_UISupportedInterfaceOrientations_iPhone = "UIInterfaceOrientationPortrait UIInterfaceOrientationLandscapeLeft UIInterfaceOrientationLandscapeRight";
				LD_RUNPATH_SEARCH_PATHS = (
					"$(inherited)",
					"@executable_path/Frameworks",
				);
				MARKETING_VERSION = 1.0;
				PRODUCT_BUNDLE_IDENTIFIER = com.HealingSounds;
				PRODUCT_NAME = "$(TARGET_NAME)";
				SWIFT_EMIT_LOC_STRINGS = YES;
				SWIFT_VERSION = 5.0;
				TARGETED_DEVICE_FAMILY = "1,2";
			};
			name = Debug;
		};
		2EDE6BDD2D491F500027452B /* Release */ = {
			isa = XCBuildConfiguration;
			buildSettings = {
				ASSETCATALOG_COMPILER_APPICON_NAME = AppIcon;
				ASSETCATALOG_COMPILER_GLOBAL_ACCENT_COLOR_NAME = AccentColor;
				CODE_SIGN_STYLE = Automatic;
				CURRENT_PROJECT_VERSION = 1;
				DEVELOPMENT_ASSET_PATHS = "\"HealingSounds/Preview Content\"";
				DEVELOPMENT_TEAM = 26BAG468M4;
				ENABLE_PREVIEWS = YES;
				GENERATE_INFOPLIST_FILE = YES;
				INFOPLIST_KEY_UIApplicationSceneManifest_Generation = YES;
				INFOPLIST_KEY_UIApplicationSupportsIndirectInputEvents = YES;
				INFOPLIST_KEY_UILaunchScreen_Generation = YES;
				INFOPLIST_KEY_UISupportedInterfaceOrientations_iPad = "UIInterfaceOrientationPortrait UIInterfaceOrientationPortraitUpsideDown UIInterfaceOrientationLandscapeLeft UIInterfaceOrientationLandscapeRight";
				INFOPLIST_KEY_UISupportedInterfaceOrientations_iPhone = "UIInterfaceOrientationPortrait UIInterfaceOrientationLandscapeLeft UIInterfaceOrientationLandscapeRight";
				LD_RUNPATH_SEARCH_PATHS = (
					"$(inherited)",
					"@executable_path/Frameworks",
				);
				MARKETING_VERSION = 1.0;
				PRODUCT_BUNDLE_IDENTIFIER = com.HealingSounds;
				PRODUCT_NAME = "$(TARGET_NAME)";
				SWIFT_EMIT_LOC_STRINGS = YES;
				SWIFT_VERSION = 5.0;
				TARGETED_DEVICE_FAMILY = "1,2";
			};
			name = Release;
		};
		2EDE6BDF2D491F500027452B /* Debug */ = {
			isa = XCBuildConfiguration;
			buildSettings = {
				BUNDLE_LOADER = "$(TEST_HOST)";
				CODE_SIGN_STYLE = Automatic;
				CURRENT_PROJECT_VERSION = 1;
				DEVELOPMENT_TEAM = 26BAG468M4;
				GENERATE_INFOPLIST_FILE = YES;
				IPHONEOS_DEPLOYMENT_TARGET = 18.1;
				MARKETING_VERSION = 1.0;
				PRODUCT_BUNDLE_IDENTIFIER = com.HealingSoundsTests;
				PRODUCT_NAME = "$(TARGET_NAME)";
				SWIFT_EMIT_LOC_STRINGS = NO;
				SWIFT_VERSION = 5.0;
				TARGETED_DEVICE_FAMILY = "1,2";
				TEST_HOST = "$(BUILT_PRODUCTS_DIR)/HealingSounds.app/$(BUNDLE_EXECUTABLE_FOLDER_PATH)/HealingSounds";
			};
			name = Debug;
		};
		2EDE6BE02D491F500027452B /* Release */ = {
			isa = XCBuildConfiguration;
			buildSettings = {
				BUNDLE_LOADER = "$(TEST_HOST)";
				CODE_SIGN_STYLE = Automatic;
				CURRENT_PROJECT_VERSION = 1;
				DEVELOPMENT_TEAM = 26BAG468M4;
				GENERATE_INFOPLIST_FILE = YES;
				IPHONEOS_DEPLOYMENT_TARGET = 18.1;
				MARKETING_VERSION = 1.0;
				PRODUCT_BUNDLE_IDENTIFIER = com.HealingSoundsTests;
				PRODUCT_NAME = "$(TARGET_NAME)";
				SWIFT_EMIT_LOC_STRINGS = NO;
				SWIFT_VERSION = 5.0;
				TARGETED_DEVICE_FAMILY = "1,2";
				TEST_HOST = "$(BUILT_PRODUCTS_DIR)/HealingSounds.app/$(BUNDLE_EXECUTABLE_FOLDER_PATH)/HealingSounds";
			};
			name = Release;
		};
		2EDE6BE22D491F500027452B /* Debug */ = {
			isa = XCBuildConfiguration;
			buildSettings = {
				CODE_SIGN_STYLE = Automatic;
				CURRENT_PROJECT_VERSION = 1;
				DEVELOPMENT_TEAM = 26BAG468M4;
				GENERATE_INFOPLIST_FILE = YES;
				MARKETING_VERSION = 1.0;
				PRODUCT_BUNDLE_IDENTIFIER = com.HealingSoundsUITests;
				PRODUCT_NAME = "$(TARGET_NAME)";
				SWIFT_EMIT_LOC_STRINGS = NO;
				SWIFT_VERSION = 5.0;
				TARGETED_DEVICE_FAMILY = "1,2";
				TEST_TARGET_NAME = HealingSounds;
			};
			name = Debug;
		};
		2EDE6BE32D491F500027452B /* Release */ = {
			isa = XCBuildConfiguration;
			buildSettings = {
				CODE_SIGN_STYLE = Automatic;
				CURRENT_PROJECT_VERSION = 1;
				DEVELOPMENT_TEAM = 26BAG468M4;
				GENERATE_INFOPLIST_FILE = YES;
				MARKETING_VERSION = 1.0;
				PRODUCT_BUNDLE_IDENTIFIER = com.HealingSoundsUITests;
				PRODUCT_NAME = "$(TARGET_NAME)";
				SWIFT_EMIT_LOC_STRINGS = NO;
				SWIFT_VERSION = 5.0;
				TARGETED_DEVICE_FAMILY = "1,2";
				TEST_TARGET_NAME = HealingSounds;
			};
			name = Release;
		};
/* End XCBuildConfiguration section */

/* Begin XCConfigurationList section */
		2EDE6BB22D491F4D0027452B /* Build configuration list for PBXProject "HealingSounds" */ = {
			isa = XCConfigurationList;
			buildConfigurations = (
				2EDE6BD92D491F500027452B /* Debug */,
				2EDE6BDA2D491F500027452B /* Release */,
			);
			defaultConfigurationIsVisible = 0;
			defaultConfigurationName = Release;
		};
		2EDE6BDB2D491F500027452B /* Build configuration list for PBXNativeTarget "HealingSounds" */ = {
			isa = XCConfigurationList;
			buildConfigurations = (
				2EDE6BDC2D491F500027452B /* Debug */,
				2EDE6BDD2D491F500027452B /* Release */,
			);
			defaultConfigurationIsVisible = 0;
			defaultConfigurationName = Release;
		};
		2EDE6BDE2D491F500027452B /* Build configuration list for PBXNativeTarget "HealingSoundsTests" */ = {
			isa = XCConfigurationList;
			buildConfigurations = (
				2EDE6BDF2D491F500027452B /* Debug */,
				2EDE6BE02D491F500027452B /* Release */,
			);
			defaultConfigurationIsVisible = 0;
			defaultConfigurationName = Release;
		};
		2EDE6BE12D491F500027452B /* Build configuration list for PBXNativeTarget "HealingSoundsUITests" */ = {
			isa = XCConfigurationList;
			buildConfigurations = (
				2EDE6BE22D491F500027452B /* Debug */,
				2EDE6BE32D491F500027452B /* Release */,
			);
			defaultConfigurationIsVisible = 0;
			defaultConfigurationName = Release;
		};
/* End XCConfigurationList section */
	};
	rootObject = 2EDE6BAF2D491F4D0027452B /* Project object */;
}
